
Microsoft Visual Studio Solution File, Format Version 12.00
# Visual Studio Version 17
VisualStudioVersion = 17.3.32901.215
MinimumVisualStudioVersion = 10.0.40219.1
Project("{9A19103F-16F7-4668-BE54-9A1E7A4F7556}") = "OpenTK proj", "Open TK Tut 2\OpenTK proj.csproj", "{FCD939B8-BC10-4B3E-8EAF-578FE1F10CBB}"
EndProject
Global
	GlobalSection(SolutionConfigurationPlatforms) = preSolution
		Debug|Any CPU = Debug|Any CPU
		Release|Any CPU = Release|Any CPU
	EndGlobalSection
	GlobalSection(ProjectConfigurationPlatforms) = postSolution
		{FCD939B8-BC10-4B3E-8EAF-578FE1F10CBB}.Debug|Any CPU.ActiveCfg = Debug|Any CPU
		{FCD939B8-BC10-4B3E-8EAF-578FE1F10CBB}.Debug|Any CPU.Build.0 = Debug|Any CPU
		{FCD939B8-BC10-4B3E-8EAF-578FE1F10CBB}.Release|Any CPU.ActiveCfg = Release|Any CPU
		{FCD939B8-BC10-4B3E-8EAF-578FE1F10CBB}.Release|Any CPU.Build.0 = Release|Any CPU
	EndGlobalSection
	GlobalSection(SolutionProperties) = preSolution
		HideSolutionNode = FALSE
	EndGlobalSection
	GlobalSection(ExtensibilityGlobals) = postSolution
		SolutionGuid = {C1F8922D-703E-440E-8C23-5E48295C8339}
	EndGlobalSection
EndGlobal
